
Microsoft Visual Studio Solution File, Format Version 12.00
# Visual Studio Version 17
VisualStudioVersion = 17.14.36105.17 d17.14
MinimumVisualStudioVersion = 10.0.40219.1
Project("{FAE04EC0-301F-11D3-BF4B-00C04F79EFBC}") = "OrderingApp.WebApi", "OrderingApp.WebApi.csproj", "{B60CFB09-EA11-491D-ACCF-01ADD94B3901}"
EndProject
Global
	GlobalSection(SolutionConfigurationPlatforms) = preSolution
		Debug|Any CPU = Debug|Any CPU
		Release|Any CPU = Release|Any CPU
	EndGlobalSection
	GlobalSection(ProjectConfigurationPlatforms) = postSolution
		{B60CFB09-EA11-491D-ACCF-01ADD94B3901}.Debug|Any CPU.ActiveCfg = Debug|Any CPU
		{B60CFB09-EA11-491D-ACCF-01ADD94B3901}.Debug|Any CPU.Build.0 = Debug|Any CPU
		{B60CFB09-EA11-491D-ACCF-01ADD94B3901}.Release|Any CPU.ActiveCfg = Release|Any CPU
		{B60CFB09-EA11-491D-ACCF-01ADD94B3901}.Release|Any CPU.Build.0 = Release|Any CPU
	EndGlobalSection
	GlobalSection(SolutionProperties) = preSolution
		HideSolutionNode = FALSE
	EndGlobalSection
	GlobalSection(ExtensibilityGlobals) = postSolution
		SolutionGuid = {B059C627-5C1D-4CAB-97C1-9CC70FEB9FCB}
	EndGlobalSection
EndGlobal
